
Microsoft Visual Studio Solution File, Format Version 12.00
# Visual Studio Version 17
VisualStudioVersion = 17.1.32328.378
MinimumVisualStudioVersion = 10.0.40219.1
Project("{FAE04EC0-301F-11D3-BF4B-00C04F79EFBC}") = "GenPurposeConsoleAppTest", "GenPurposeConsoleAppTest.csproj", "{9A32AA85-B6B5-493E-89BD-146E7FA1B9A5}"
EndProject
Project("{9A19103F-16F7-4668-BE54-9A1E7A4F7556}") = "GenPurpNetCoreTest", "GenPurpNetCoreTest\GenPurpNetCoreTest.csproj", "{6ECCD2A2-28DA-43F5-9919-FB24E74F3122}"
EndProject
Project("{9A19103F-16F7-4668-BE54-9A1E7A4F7556}") = "SettingJSONTest", "SettingJSONTest\SettingJSONTest.csproj", "{B0BDC7B1-545A-46C3-9B7C-BBA56BC675F5}"
EndProject
Project("{9A19103F-16F7-4668-BE54-9A1E7A4F7556}") = "MatLib", "MatLib\MatLib.csproj", "{C2D60F10-DC87-4986-B54F-F1C216A9ED4F}"
EndProject
Project("{9A19103F-16F7-4668-BE54-9A1E7A4F7556}") = "IPChanger", "IPChanger\IPChanger.csproj", "{6FC38403-3856-4DEA-A67F-6BE8CA0ECC6F}"
EndProject
Project("{9A19103F-16F7-4668-BE54-9A1E7A4F7556}") = "WpfColorChange", "WpfColorChange\WpfColorChange.csproj", "{C7C04259-0F6A-4E4C-AB7A-76149034414C}"
EndProject
Project("{9A19103F-16F7-4668-BE54-9A1E7A4F7556}") = "SVGViewer", "SVGViewer\SVGViewer.csproj", "{D4020517-B12A-4814-9910-C29B4FFE2868}"
EndProject
Project("{9A19103F-16F7-4668-BE54-9A1E7A4F7556}") = "ORMLiteTest", "ORMLiteTest\ORMLiteTest.csproj", "{09210463-DA7A-4D0A-8178-B37548215884}"
EndProject
Project("{9A19103F-16F7-4668-BE54-9A1E7A4F7556}") = "SEUtils", "SEUtils\SEUtils.csproj", "{05040B28-B0B2-407A-9696-9E1C71887373}"
EndProject
Project("{9A19103F-16F7-4668-BE54-9A1E7A4F7556}") = "Gorillas", "Gorillas\Gorillas.csproj", "{4A9F2020-74CD-4D13-BA35-45A33863F4A9}"
EndProject
Project("{9A19103F-16F7-4668-BE54-9A1E7A4F7556}") = "Airtouch", "Airtouch\Airtouch.csproj", "{3B4376BC-7544-4698-98E5-F3E40C2AACAC}"
EndProject
Project("{2150E333-8FDC-42A3-9474-1A3956D46DE8}") = "FSharp", "FSharp", "{5D322499-D1B2-4F67-A07F-D0657F37D48B}"
EndProject
Project("{9A19103F-16F7-4668-BE54-9A1E7A4F7556}") = "TesterApp", "FSharp\TesterApp\TesterApp.csproj", "{4BACD916-C53F-47A8-AA07-0B070E1629AF}"
EndProject
Project("{6EC3EE1D-3C4E-46DD-8F32-0CC8E7565705}") = "FSFirstLib", "FSharp\FSFirstLib\FSFirstLib.fsproj", "{71B77D99-EE63-4CCD-9B0A-79C792950BAE}"
EndProject
Project("{9A19103F-16F7-4668-BE54-9A1E7A4F7556}") = "UtilsClassesTests", "UtilsClassesTests\UtilsClassesTests.csproj", "{CF1F6BF0-48C4-410C-BDE1-338CA9371F79}"
EndProject
Project("{9A19103F-16F7-4668-BE54-9A1E7A4F7556}") = "Polytex", "Polytex\Polytex.csproj", "{EB5900BF-27BB-4993-8EC1-1F32FBC1329E}"
EndProject
Project("{F2A71F9B-5D33-465A-A702-920D77279786}") = "SQLiteTest", "FSharp\SQLiteTest\SQLiteTest.fsproj", "{07A85479-0246-4DEC-B850-BE8BA3ECD526}"
EndProject
Global
	GlobalSection(SolutionConfigurationPlatforms) = preSolution
		Debug|Any CPU = Debug|Any CPU
		Debug|x86 = Debug|x86
		Release|Any CPU = Release|Any CPU
		Release|x86 = Release|x86
	EndGlobalSection
	GlobalSection(ProjectConfigurationPlatforms) = postSolution
		{9A32AA85-B6B5-493E-89BD-146E7FA1B9A5}.Debug|Any CPU.ActiveCfg = Debug|Any CPU
		{9A32AA85-B6B5-493E-89BD-146E7FA1B9A5}.Debug|Any CPU.Build.0 = Debug|Any CPU
		{9A32AA85-B6B5-493E-89BD-146E7FA1B9A5}.Debug|x86.ActiveCfg = Debug|x86
		{9A32AA85-B6B5-493E-89BD-146E7FA1B9A5}.Debug|x86.Build.0 = Debug|x86
		{9A32AA85-B6B5-493E-89BD-146E7FA1B9A5}.Release|Any CPU.ActiveCfg = Release|Any CPU
		{9A32AA85-B6B5-493E-89BD-146E7FA1B9A5}.Release|Any CPU.Build.0 = Release|Any CPU
		{9A32AA85-B6B5-493E-89BD-146E7FA1B9A5}.Release|x86.ActiveCfg = Release|x86
		{9A32AA85-B6B5-493E-89BD-146E7FA1B9A5}.Release|x86.Build.0 = Release|x86
		{6ECCD2A2-28DA-43F5-9919-FB24E74F3122}.Debug|Any CPU.ActiveCfg = Debug|Any CPU
		{6ECCD2A2-28DA-43F5-9919-FB24E74F3122}.Debug|Any CPU.Build.0 = Debug|Any CPU
		{6ECCD2A2-28DA-43F5-9919-FB24E74F3122}.Debug|x86.ActiveCfg = Debug|x86
		{6ECCD2A2-28DA-43F5-9919-FB24E74F3122}.Debug|x86.Build.0 = Debug|x86
		{6ECCD2A2-28DA-43F5-9919-FB24E74F3122}.Release|Any CPU.ActiveCfg = Release|Any CPU
		{6ECCD2A2-28DA-43F5-9919-FB24E74F3122}.Release|Any CPU.Build.0 = Release|Any CPU
		{6ECCD2A2-28DA-43F5-9919-FB24E74F3122}.Release|x86.ActiveCfg = Release|Any CPU
		{6ECCD2A2-28DA-43F5-9919-FB24E74F3122}.Release|x86.Build.0 = Release|Any CPU
		{B0BDC7B1-545A-46C3-9B7C-BBA56BC675F5}.Debug|Any CPU.ActiveCfg = Debug|Any CPU
		{B0BDC7B1-545A-46C3-9B7C-BBA56BC675F5}.Debug|Any CPU.Build.0 = Debug|Any CPU
		{B0BDC7B1-545A-46C3-9B7C-BBA56BC675F5}.Debug|x86.ActiveCfg = Debug|x86
		{B0BDC7B1-545A-46C3-9B7C-BBA56BC675F5}.Debug|x86.Build.0 = Debug|x86
		{B0BDC7B1-545A-46C3-9B7C-BBA56BC675F5}.Release|Any CPU.ActiveCfg = Release|Any CPU
		{B0BDC7B1-545A-46C3-9B7C-BBA56BC675F5}.Release|Any CPU.Build.0 = Release|Any CPU
		{B0BDC7B1-545A-46C3-9B7C-BBA56BC675F5}.Release|x86.ActiveCfg = Release|Any CPU
		{B0BDC7B1-545A-46C3-9B7C-BBA56BC675F5}.Release|x86.Build.0 = Release|Any CPU
		{C2D60F10-DC87-4986-B54F-F1C216A9ED4F}.Debug|Any CPU.ActiveCfg = Debug|Any CPU
		{C2D60F10-DC87-4986-B54F-F1C216A9ED4F}.Debug|Any CPU.Build.0 = Debug|Any CPU
		{C2D60F10-DC87-4986-B54F-F1C216A9ED4F}.Debug|x86.ActiveCfg = Debug|x86
		{C2D60F10-DC87-4986-B54F-F1C216A9ED4F}.Debug|x86.Build.0 = Debug|x86
		{C2D60F10-DC87-4986-B54F-F1C216A9ED4F}.Release|Any CPU.ActiveCfg = Release|Any CPU
		{C2D60F10-DC87-4986-B54F-F1C216A9ED4F}.Release|Any CPU.Build.0 = Release|Any CPU
		{C2D60F10-DC87-4986-B54F-F1C216A9ED4F}.Release|x86.ActiveCfg = Release|Any CPU
		{C2D60F10-DC87-4986-B54F-F1C216A9ED4F}.Release|x86.Build.0 = Release|Any CPU
		{6FC38403-3856-4DEA-A67F-6BE8CA0ECC6F}.Debug|Any CPU.ActiveCfg = Debug|Any CPU
		{6FC38403-3856-4DEA-A67F-6BE8CA0ECC6F}.Debug|Any CPU.Build.0 = Debug|Any CPU
		{6FC38403-3856-4DEA-A67F-6BE8CA0ECC6F}.Debug|x86.ActiveCfg = Debug|x86
		{6FC38403-3856-4DEA-A67F-6BE8CA0ECC6F}.Debug|x86.Build.0 = Debug|x86
		{6FC38403-3856-4DEA-A67F-6BE8CA0ECC6F}.Release|Any CPU.ActiveCfg = Release|Any CPU
		{6FC38403-3856-4DEA-A67F-6BE8CA0ECC6F}.Release|Any CPU.Build.0 = Release|Any CPU
		{6FC38403-3856-4DEA-A67F-6BE8CA0ECC6F}.Release|x86.ActiveCfg = Release|Any CPU
		{6FC38403-3856-4DEA-A67F-6BE8CA0ECC6F}.Release|x86.Build.0 = Release|Any CPU
		{C7C04259-0F6A-4E4C-AB7A-76149034414C}.Debug|Any CPU.ActiveCfg = Debug|Any CPU
		{C7C04259-0F6A-4E4C-AB7A-76149034414C}.Debug|Any CPU.Build.0 = Debug|Any CPU
		{C7C04259-0F6A-4E4C-AB7A-76149034414C}.Debug|x86.ActiveCfg = Debug|x86
		{C7C04259-0F6A-4E4C-AB7A-76149034414C}.Debug|x86.Build.0 = Debug|x86
		{C7C04259-0F6A-4E4C-AB7A-76149034414C}.Release|Any CPU.ActiveCfg = Release|Any CPU
		{C7C04259-0F6A-4E4C-AB7A-76149034414C}.Release|Any CPU.Build.0 = Release|Any CPU
		{C7C04259-0F6A-4E4C-AB7A-76149034414C}.Release|x86.ActiveCfg = Release|Any CPU
		{C7C04259-0F6A-4E4C-AB7A-76149034414C}.Release|x86.Build.0 = Release|Any CPU
		{D4020517-B12A-4814-9910-C29B4FFE2868}.Debug|Any CPU.ActiveCfg = Debug|Any CPU
		{D4020517-B12A-4814-9910-C29B4FFE2868}.Debug|Any CPU.Build.0 = Debug|Any CPU
		{D4020517-B12A-4814-9910-C29B4FFE2868}.Debug|x86.ActiveCfg = Debug|x86
		{D4020517-B12A-4814-9910-C29B4FFE2868}.Debug|x86.Build.0 = Debug|x86
		{D4020517-B12A-4814-9910-C29B4FFE2868}.Release|Any CPU.ActiveCfg = Release|Any CPU
		{D4020517-B12A-4814-9910-C29B4FFE2868}.Release|Any CPU.Build.0 = Release|Any CPU
		{D4020517-B12A-4814-9910-C29B4FFE2868}.Release|x86.ActiveCfg = Release|Any CPU
		{D4020517-B12A-4814-9910-C29B4FFE2868}.Release|x86.Build.0 = Release|Any CPU
		{09210463-DA7A-4D0A-8178-B37548215884}.Debug|Any CPU.ActiveCfg = Debug|Any CPU
		{09210463-DA7A-4D0A-8178-B37548215884}.Debug|Any CPU.Build.0 = Debug|Any CPU
		{09210463-DA7A-4D0A-8178-B37548215884}.Debug|x86.ActiveCfg = Debug|Any CPU
		{09210463-DA7A-4D0A-8178-B37548215884}.Debug|x86.Build.0 = Debug|Any CPU
		{09210463-DA7A-4D0A-8178-B37548215884}.Release|Any CPU.ActiveCfg = Release|Any CPU
		{09210463-DA7A-4D0A-8178-B37548215884}.Release|Any CPU.Build.0 = Release|Any CPU
		{09210463-DA7A-4D0A-8178-B37548215884}.Release|x86.ActiveCfg = Release|Any CPU
		{09210463-DA7A-4D0A-8178-B37548215884}.Release|x86.Build.0 = Release|Any CPU
		{05040B28-B0B2-407A-9696-9E1C71887373}.Debug|Any CPU.ActiveCfg = Debug|Any CPU
		{05040B28-B0B2-407A-9696-9E1C71887373}.Debug|Any CPU.Build.0 = Debug|Any CPU
		{05040B28-B0B2-407A-9696-9E1C71887373}.Debug|x86.ActiveCfg = Debug|Any CPU
		{05040B28-B0B2-407A-9696-9E1C71887373}.Debug|x86.Build.0 = Debug|Any CPU
		{05040B28-B0B2-407A-9696-9E1C71887373}.Release|Any CPU.ActiveCfg = Release|Any CPU
		{05040B28-B0B2-407A-9696-9E1C71887373}.Release|Any CPU.Build.0 = Release|Any CPU
		{05040B28-B0B2-407A-9696-9E1C71887373}.Release|x86.ActiveCfg = Release|Any CPU
		{05040B28-B0B2-407A-9696-9E1C71887373}.Release|x86.Build.0 = Release|Any CPU
		{4A9F2020-74CD-4D13-BA35-45A33863F4A9}.Debug|Any CPU.ActiveCfg = Debug|Any CPU
		{4A9F2020-74CD-4D13-BA35-45A33863F4A9}.Debug|Any CPU.Build.0 = Debug|Any CPU
		{4A9F2020-74CD-4D13-BA35-45A33863F4A9}.Debug|x86.ActiveCfg = Debug|Any CPU
		{4A9F2020-74CD-4D13-BA35-45A33863F4A9}.Debug|x86.Build.0 = Debug|Any CPU
		{4A9F2020-74CD-4D13-BA35-45A33863F4A9}.Release|Any CPU.ActiveCfg = Release|Any CPU
		{4A9F2020-74CD-4D13-BA35-45A33863F4A9}.Release|Any CPU.Build.0 = Release|Any CPU
		{4A9F2020-74CD-4D13-BA35-45A33863F4A9}.Release|x86.ActiveCfg = Release|Any CPU
		{4A9F2020-74CD-4D13-BA35-45A33863F4A9}.Release|x86.Build.0 = Release|Any CPU
		{3B4376BC-7544-4698-98E5-F3E40C2AACAC}.Debug|Any CPU.ActiveCfg = Debug|Any CPU
		{3B4376BC-7544-4698-98E5-F3E40C2AACAC}.Debug|Any CPU.Build.0 = Debug|Any CPU
		{3B4376BC-7544-4698-98E5-F3E40C2AACAC}.Debug|x86.ActiveCfg = Debug|Any CPU
		{3B4376BC-7544-4698-98E5-F3E40C2AACAC}.Debug|x86.Build.0 = Debug|Any CPU
		{3B4376BC-7544-4698-98E5-F3E40C2AACAC}.Release|Any CPU.ActiveCfg = Release|Any CPU
		{3B4376BC-7544-4698-98E5-F3E40C2AACAC}.Release|Any CPU.Build.0 = Release|Any CPU
		{3B4376BC-7544-4698-98E5-F3E40C2AACAC}.Release|x86.ActiveCfg = Release|Any CPU
		{3B4376BC-7544-4698-98E5-F3E40C2AACAC}.Release|x86.Build.0 = Release|Any CPU
		{4BACD916-C53F-47A8-AA07-0B070E1629AF}.Debug|Any CPU.ActiveCfg = Debug|Any CPU
		{4BACD916-C53F-47A8-AA07-0B070E1629AF}.Debug|Any CPU.Build.0 = Debug|Any CPU
		{4BACD916-C53F-47A8-AA07-0B070E1629AF}.Debug|x86.ActiveCfg = Debug|Any CPU
		{4BACD916-C53F-47A8-AA07-0B070E1629AF}.Debug|x86.Build.0 = Debug|Any CPU
		{4BACD916-C53F-47A8-AA07-0B070E1629AF}.Release|Any CPU.ActiveCfg = Release|Any CPU
		{4BACD916-C53F-47A8-AA07-0B070E1629AF}.Release|Any CPU.Build.0 = Release|Any CPU
		{4BACD916-C53F-47A8-AA07-0B070E1629AF}.Release|x86.ActiveCfg = Release|Any CPU
		{4BACD916-C53F-47A8-AA07-0B070E1629AF}.Release|x86.Build.0 = Release|Any CPU
		{71B77D99-EE63-4CCD-9B0A-79C792950BAE}.Debug|Any CPU.ActiveCfg = Debug|Any CPU
		{71B77D99-EE63-4CCD-9B0A-79C792950BAE}.Debug|Any CPU.Build.0 = Debug|Any CPU
		{71B77D99-EE63-4CCD-9B0A-79C792950BAE}.Debug|x86.ActiveCfg = Debug|Any CPU
		{71B77D99-EE63-4CCD-9B0A-79C792950BAE}.Debug|x86.Build.0 = Debug|Any CPU
		{71B77D99-EE63-4CCD-9B0A-79C792950BAE}.Release|Any CPU.ActiveCfg = Release|Any CPU
		{71B77D99-EE63-4CCD-9B0A-79C792950BAE}.Release|Any CPU.Build.0 = Release|Any CPU
		{71B77D99-EE63-4CCD-9B0A-79C792950BAE}.Release|x86.ActiveCfg = Release|Any CPU
		{71B77D99-EE63-4CCD-9B0A-79C792950BAE}.Release|x86.Build.0 = Release|Any CPU
		{CF1F6BF0-48C4-410C-BDE1-338CA9371F79}.Debug|Any CPU.ActiveCfg = Debug|Any CPU
		{CF1F6BF0-48C4-410C-BDE1-338CA9371F79}.Debug|Any CPU.Build.0 = Debug|Any CPU
		{CF1F6BF0-48C4-410C-BDE1-338CA9371F79}.Debug|x86.ActiveCfg = Debug|Any CPU
		{CF1F6BF0-48C4-410C-BDE1-338CA9371F79}.Debug|x86.Build.0 = Debug|Any CPU
		{CF1F6BF0-48C4-410C-BDE1-338CA9371F79}.Release|Any CPU.ActiveCfg = Release|Any CPU
		{CF1F6BF0-48C4-410C-BDE1-338CA9371F79}.Release|Any CPU.Build.0 = Release|Any CPU
		{CF1F6BF0-48C4-410C-BDE1-338CA9371F79}.Release|x86.ActiveCfg = Release|Any CPU
		{CF1F6BF0-48C4-410C-BDE1-338CA9371F79}.Release|x86.Build.0 = Release|Any CPU
		{EB5900BF-27BB-4993-8EC1-1F32FBC1329E}.Debug|Any CPU.ActiveCfg = Debug|Any CPU
		{EB5900BF-27BB-4993-8EC1-1F32FBC1329E}.Debug|Any CPU.Build.0 = Debug|Any CPU
		{EB5900BF-27BB-4993-8EC1-1F32FBC1329E}.Debug|x86.ActiveCfg = Debug|Any CPU
		{EB5900BF-27BB-4993-8EC1-1F32FBC1329E}.Debug|x86.Build.0 = Debug|Any CPU
		{EB5900BF-27BB-4993-8EC1-1F32FBC1329E}.Release|Any CPU.ActiveCfg = Release|Any CPU
		{EB5900BF-27BB-4993-8EC1-1F32FBC1329E}.Release|Any CPU.Build.0 = Release|Any CPU
		{EB5900BF-27BB-4993-8EC1-1F32FBC1329E}.Release|x86.ActiveCfg = Release|Any CPU
		{EB5900BF-27BB-4993-8EC1-1F32FBC1329E}.Release|x86.Build.0 = Release|Any CPU
		{07A85479-0246-4DEC-B850-BE8BA3ECD526}.Debug|Any CPU.ActiveCfg = Debug|Any CPU
		{07A85479-0246-4DEC-B850-BE8BA3ECD526}.Debug|Any CPU.Build.0 = Debug|Any CPU
		{07A85479-0246-4DEC-B850-BE8BA3ECD526}.Debug|x86.ActiveCfg = Debug|Any CPU
		{07A85479-0246-4DEC-B850-BE8BA3ECD526}.Debug|x86.Build.0 = Debug|Any CPU
		{07A85479-0246-4DEC-B850-BE8BA3ECD526}.Release|Any CPU.ActiveCfg = Release|Any CPU
		{07A85479-0246-4DEC-B850-BE8BA3ECD526}.Release|Any CPU.Build.0 = Release|Any CPU
		{07A85479-0246-4DEC-B850-BE8BA3ECD526}.Release|x86.ActiveCfg = Release|Any CPU
		{07A85479-0246-4DEC-B850-BE8BA3ECD526}.Release|x86.Build.0 = Release|Any CPU
	EndGlobalSection
	GlobalSection(SolutionProperties) = preSolution
		HideSolutionNode = FALSE
	EndGlobalSection
	GlobalSection(NestedProjects) = preSolution
		{4BACD916-C53F-47A8-AA07-0B070E1629AF} = {5D322499-D1B2-4F67-A07F-D0657F37D48B}
		{71B77D99-EE63-4CCD-9B0A-79C792950BAE} = {5D322499-D1B2-4F67-A07F-D0657F37D48B}
		{07A85479-0246-4DEC-B850-BE8BA3ECD526} = {5D322499-D1B2-4F67-A07F-D0657F37D48B}
	EndGlobalSection
	GlobalSection(ExtensibilityGlobals) = postSolution
		SolutionGuid = {1EF262FD-9E0F-4F91-96D4-C208F3AB6D92}
	EndGlobalSection
	GlobalSection(SubversionScc) = preSolution
		Svn-Managed = True
		Manager = AnkhSVN - Subversion Support for Visual Studio
	EndGlobalSection
EndGlobal
