
Microsoft Visual Studio Solution File, Format Version 12.00
# Visual Studio Version 16
VisualStudioVersion = 16.0.30320.27
MinimumVisualStudioVersion = 10.0.40219.1
Project("{FAE04EC0-301F-11D3-BF4B-00C04F79EFBC}") = "GenPurposeConsoleAppTest", "GenPurposeConsoleAppTest.csproj", "{9A32AA85-B6B5-493E-89BD-146E7FA1B9A5}"
EndProject
Project("{9A19103F-16F7-4668-BE54-9A1E7A4F7556}") = "GenPurpNetCoreTest", "GenPurpNetCoreTest\GenPurpNetCoreTest.csproj", "{6ECCD2A2-28DA-43F5-9919-FB24E74F3122}"
EndProject
Project("{9A19103F-16F7-4668-BE54-9A1E7A4F7556}") = "SettingJSONTest", "SettingJSONTest\SettingJSONTest.csproj", "{B0BDC7B1-545A-46C3-9B7C-BBA56BC675F5}"
EndProject
Global
	GlobalSection(SolutionConfigurationPlatforms) = preSolution
		Debug|Any CPU = Debug|Any CPU
		Debug|x86 = Debug|x86
		Release|Any CPU = Release|Any CPU
		Release|x86 = Release|x86
	EndGlobalSection
	GlobalSection(ProjectConfigurationPlatforms) = postSolution
		{9A32AA85-B6B5-493E-89BD-146E7FA1B9A5}.Debug|Any CPU.ActiveCfg = Debug|Any CPU
		{9A32AA85-B6B5-493E-89BD-146E7FA1B9A5}.Debug|Any CPU.Build.0 = Debug|Any CPU
		{9A32AA85-B6B5-493E-89BD-146E7FA1B9A5}.Debug|x86.ActiveCfg = Debug|x86
		{9A32AA85-B6B5-493E-89BD-146E7FA1B9A5}.Debug|x86.Build.0 = Debug|x86
		{9A32AA85-B6B5-493E-89BD-146E7FA1B9A5}.Release|Any CPU.ActiveCfg = Release|Any CPU
		{9A32AA85-B6B5-493E-89BD-146E7FA1B9A5}.Release|Any CPU.Build.0 = Release|Any CPU
		{9A32AA85-B6B5-493E-89BD-146E7FA1B9A5}.Release|x86.ActiveCfg = Release|x86
		{9A32AA85-B6B5-493E-89BD-146E7FA1B9A5}.Release|x86.Build.0 = Release|x86
		{6ECCD2A2-28DA-43F5-9919-FB24E74F3122}.Debug|Any CPU.ActiveCfg = Debug|Any CPU
		{6ECCD2A2-28DA-43F5-9919-FB24E74F3122}.Debug|Any CPU.Build.0 = Debug|Any CPU
		{6ECCD2A2-28DA-43F5-9919-FB24E74F3122}.Debug|x86.ActiveCfg = Debug|Any CPU
		{6ECCD2A2-28DA-43F5-9919-FB24E74F3122}.Debug|x86.Build.0 = Debug|Any CPU
		{6ECCD2A2-28DA-43F5-9919-FB24E74F3122}.Release|Any CPU.ActiveCfg = Release|Any CPU
		{6ECCD2A2-28DA-43F5-9919-FB24E74F3122}.Release|Any CPU.Build.0 = Release|Any CPU
		{6ECCD2A2-28DA-43F5-9919-FB24E74F3122}.Release|x86.ActiveCfg = Release|Any CPU
		{6ECCD2A2-28DA-43F5-9919-FB24E74F3122}.Release|x86.Build.0 = Release|Any CPU
		{B0BDC7B1-545A-46C3-9B7C-BBA56BC675F5}.Debug|Any CPU.ActiveCfg = Debug|Any CPU
		{B0BDC7B1-545A-46C3-9B7C-BBA56BC675F5}.Debug|Any CPU.Build.0 = Debug|Any CPU
		{B0BDC7B1-545A-46C3-9B7C-BBA56BC675F5}.Debug|x86.ActiveCfg = Debug|Any CPU
		{B0BDC7B1-545A-46C3-9B7C-BBA56BC675F5}.Debug|x86.Build.0 = Debug|Any CPU
		{B0BDC7B1-545A-46C3-9B7C-BBA56BC675F5}.Release|Any CPU.ActiveCfg = Release|Any CPU
		{B0BDC7B1-545A-46C3-9B7C-BBA56BC675F5}.Release|Any CPU.Build.0 = Release|Any CPU
		{B0BDC7B1-545A-46C3-9B7C-BBA56BC675F5}.Release|x86.ActiveCfg = Release|Any CPU
		{B0BDC7B1-545A-46C3-9B7C-BBA56BC675F5}.Release|x86.Build.0 = Release|Any CPU
	EndGlobalSection
	GlobalSection(SolutionProperties) = preSolution
		HideSolutionNode = FALSE
	EndGlobalSection
	GlobalSection(ExtensibilityGlobals) = postSolution
		SolutionGuid = {1EF262FD-9E0F-4F91-96D4-C208F3AB6D92}
	EndGlobalSection
	GlobalSection(SubversionScc) = preSolution
		Svn-Managed = True
		Manager = AnkhSVN - Subversion Support for Visual Studio
	EndGlobalSection
EndGlobal
